// !$*UTF8*$!
{
	archiveVersion = 1;
	classes = {
	};
	objectVersion = 46;
	objects = {

/* Begin PBXBuildFile section */
		287B13621D65A4D100414270 /* AppDelegate.swift in Sources */ = {isa = PBXBuildFile; fileRef = 287B13611D65A4D100414270 /* AppDelegate.swift */; };
		287B13641D65A4D100414270 /* ViewController.swift in Sources */ = {isa = PBXBuildFile; fileRef = 287B13631D65A4D100414270 /* ViewController.swift */; };
		287B13671D65A4D100414270 /* Main.storyboard in Resources */ = {isa = PBXBuildFile; fileRef = 287B13651D65A4D100414270 /* Main.storyboard */; };
		287B136A1D65A4D100414270 /* Photo2Contacts.xcdatamodeld in Sources */ = {isa = PBXBuildFile; fileRef = 287B13681D65A4D100414270 /* Photo2Contacts.xcdatamodeld */; };
		287B136C1D65A4D100414270 /* Assets.xcassets in Resources */ = {isa = PBXBuildFile; fileRef = 287B136B1D65A4D100414270 /* Assets.xcassets */; };
		287B136F1D65A4D100414270 /* LaunchScreen.storyboard in Resources */ = {isa = PBXBuildFile; fileRef = 287B136D1D65A4D100414270 /* LaunchScreen.storyboard */; };
		E5113B075EB47C28D24BC9D3 /* Pods_Photo2Contacts.framework in Frameworks */ = {isa = PBXBuildFile; fileRef = 16AAAE67B3745B9B0AEFC0F1 /* Pods_Photo2Contacts.framework */; };
/* End PBXBuildFile section */

/* Begin PBXFileReference section */
		16AAAE67B3745B9B0AEFC0F1 /* Pods_Photo2Contacts.framework */ = {isa = PBXFileReference; explicitFileType = wrapper.framework; includeInIndex = 0; path = Pods_Photo2Contacts.framework; sourceTree = BUILT_PRODUCTS_DIR; };
		20923E05250B8683B0EA13C6 /* Pods-Photo2Contacts.release.xcconfig */ = {isa = PBXFileReference; includeInIndex = 1; lastKnownFileType = text.xcconfig; name = "Pods-Photo2Contacts.release.xcconfig"; path = "Pods/Target Support Files/Pods-Photo2Contacts/Pods-Photo2Contacts.release.xcconfig"; sourceTree = "<group>"; };
		287B135E1D65A4D100414270 /* Photo2Contacts.app */ = {isa = PBXFileReference; explicitFileType = wrapper.application; includeInIndex = 0; path = Photo2Contacts.app; sourceTree = BUILT_PRODUCTS_DIR; };
		287B13611D65A4D100414270 /* AppDelegate.swift */ = {isa = PBXFileReference; lastKnownFileType = sourcecode.swift; path = AppDelegate.swift; sourceTree = "<group>"; };
		287B13631D65A4D100414270 /* ViewController.swift */ = {isa = PBXFileReference; lastKnownFileType = sourcecode.swift; path = ViewController.swift; sourceTree = "<group>"; };
		287B13661D65A4D100414270 /* Base */ = {isa = PBXFileReference; lastKnownFileType = file.storyboard; name = Base; path = Base.lproj/Main.storyboard; sourceTree = "<group>"; };
		287B13691D65A4D100414270 /* Photo2Contacts.xcdatamodel */ = {isa = PBXFileReference; lastKnownFileType = wrapper.xcdatamodel; path = Photo2Contacts.xcdatamodel; sourceTree = "<group>"; };
		287B136B1D65A4D100414270 /* Assets.xcassets */ = {isa = PBXFileReference; lastKnownFileType = folder.assetcatalog; path = Assets.xcassets; sourceTree = "<group>"; };
		287B136E1D65A4D100414270 /* Base */ = {isa = PBXFileReference; lastKnownFileType = file.storyboard; name = Base; path = Base.lproj/LaunchScreen.storyboard; sourceTree = "<group>"; };
		287B13701D65A4D100414270 /* Info.plist */ = {isa = PBXFileReference; lastKnownFileType = text.plist.xml; path = Info.plist; sourceTree = "<group>"; };
		956B956C8290680C58A1413A /* Pods-Photo2Contacts.debug.xcconfig */ = {isa = PBXFileReference; includeInIndex = 1; lastKnownFileType = text.xcconfig; name = "Pods-Photo2Contacts.debug.xcconfig"; path = "Pods/Target Support Files/Pods-Photo2Contacts/Pods-Photo2Contacts.debug.xcconfig"; sourceTree = "<group>"; };
/* End PBXFileReference section */

/* Begin PBXFrameworksBuildPhase section */
		287B135B1D65A4D100414270 /* Frameworks */ = {
			isa = PBXFrameworksBuildPhase;
			buildActionMask = 2147483647;
			files = (
				E5113B075EB47C28D24BC9D3 /* Pods_Photo2Contacts.framework in Frameworks */,
			);
			runOnlyForDeploymentPostprocessing = 0;
		};
/* End PBXFrameworksBuildPhase section */

/* Begin PBXGroup section */
		171E5E0823497AB294092F2C /* Frameworks */ = {
			isa = PBXGroup;
			children = (
				16AAAE67B3745B9B0AEFC0F1 /* Pods_Photo2Contacts.framework */,
			);
			name = Frameworks;
			sourceTree = "<group>";
		};
		287B13551D65A4D100414270 = {
			isa = PBXGroup;
			children = (
				287B13601D65A4D100414270 /* Photo2Contacts */,
				287B135F1D65A4D100414270 /* Products */,
				F344B29542C3C046BA7EE792 /* Pods */,
				171E5E0823497AB294092F2C /* Frameworks */,
			);
			sourceTree = "<group>";
		};
		287B135F1D65A4D100414270 /* Products */ = {
			isa = PBXGroup;
			children = (
				287B135E1D65A4D100414270 /* Photo2Contacts.app */,
			);
			name = Products;
			sourceTree = "<group>";
		};
		287B13601D65A4D100414270 /* Photo2Contacts */ = {
			isa = PBXGroup;
			children = (
				287B13611D65A4D100414270 /* AppDelegate.swift */,
				287B13631D65A4D100414270 /* ViewController.swift */,
				287B13651D65A4D100414270 /* Main.storyboard */,
				287B136B1D65A4D100414270 /* Assets.xcassets */,
				287B136D1D65A4D100414270 /* LaunchScreen.storyboard */,
				287B13701D65A4D100414270 /* Info.plist */,
				287B13681D65A4D100414270 /* Photo2Contacts.xcdatamodeld */,
			);
			path = Photo2Contacts;
			sourceTree = "<group>";
		};
		F344B29542C3C046BA7EE792 /* Pods */ = {
			isa = PBXGroup;
			children = (
				956B956C8290680C58A1413A /* Pods-Photo2Contacts.debug.xcconfig */,
				20923E05250B8683B0EA13C6 /* Pods-Photo2Contacts.release.xcconfig */,
			);
			name = Pods;
			sourceTree = "<group>";
		};
/* End PBXGroup section */

/* Begin PBXNativeTarget section */
		287B135D1D65A4D100414270 /* Photo2Contacts */ = {
			isa = PBXNativeTarget;
			buildConfigurationList = 287B13731D65A4D100414270 /* Build configuration list for PBXNativeTarget "Photo2Contacts" */;
			buildPhases = (
				79989D61CC3DB9E5772E8B26 /* [CP] Check Pods Manifest.lock */,
				287B135A1D65A4D100414270 /* Sources */,
				287B135B1D65A4D100414270 /* Frameworks */,
				287B135C1D65A4D100414270 /* Resources */,
				7ED58E8739CC9B23518B1351 /* [CP] Embed Pods Frameworks */,
				12384483455B143D9EED85C6 /* [CP] Copy Pods Resources */,
			);
			buildRules = (
			);
			dependencies = (
			);
			name = Photo2Contacts;
			productName = Photo2Contacts;
			productReference = 287B135E1D65A4D100414270 /* Photo2Contacts.app */;
			productType = "com.apple.product-type.application";
		};
/* End PBXNativeTarget section */

/* Begin PBXProject section */
		287B13561D65A4D100414270 /* Project object */ = {
			isa = PBXProject;
			attributes = {
				LastSwiftUpdateCheck = 0730;
				LastUpgradeCheck = 0730;
				ORGANIZATIONNAME = "Sarthak Khillon";
				TargetAttributes = {
					287B135D1D65A4D100414270 = {
						CreatedOnToolsVersion = 7.3.1;
					};
				};
			};
			buildConfigurationList = 287B13591D65A4D100414270 /* Build configuration list for PBXProject "Photo2Contacts" */;
			compatibilityVersion = "Xcode 3.2";
			developmentRegion = English;
			hasScannedForEncodings = 0;
			knownRegions = (
				en,
				Base,
			);
			mainGroup = 287B13551D65A4D100414270;
			productRefGroup = 287B135F1D65A4D100414270 /* Products */;
			projectDirPath = "";
			projectRoot = "";
			targets = (
				287B135D1D65A4D100414270 /* Photo2Contacts */,
			);
		};
/* End PBXProject section */

/* Begin PBXResourcesBuildPhase section */
		287B135C1D65A4D100414270 /* Resources */ = {
			isa = PBXResourcesBuildPhase;
			buildActionMask = 2147483647;
			files = (
				287B136F1D65A4D100414270 /* LaunchScreen.storyboard in Resources */,
				287B136C1D65A4D100414270 /* Assets.xcassets in Resources */,
				287B13671D65A4D100414270 /* Main.storyboard in Resources */,
			);
			runOnlyForDeploymentPostprocessing = 0;
		};
/* End PBXResourcesBuildPhase section */

/* Begin PBXShellScriptBuildPhase section */
		12384483455B143D9EED85C6 /* [CP] Copy Pods Resources */ = {
			isa = PBXShellScriptBuildPhase;
			buildActionMask = 2147483647;
			files = (
			);
			inputPaths = (
			);
			name = "[CP] Copy Pods Resources";
			outputPaths = (
			);
			runOnlyForDeploymentPostprocessing = 0;
			shellPath = /bin/sh;
			shellScript = "\"${SRCROOT}/Pods/Target Support Files/Pods-Photo2Contacts/Pods-Photo2Contacts-resources.sh\"\n";
			showEnvVarsInLog = 0;
		};
		79989D61CC3DB9E5772E8B26 /* [CP] Check Pods Manifest.lock */ = {
			isa = PBXShellScriptBuildPhase;
			buildActionMask = 2147483647;
			files = (
			);
			inputPaths = (
			);
			name = "[CP] Check Pods Manifest.lock";
			outputPaths = (
			);
			runOnlyForDeploymentPostprocessing = 0;
			shellPath = /bin/sh;
			shellScript = "diff \"${PODS_ROOT}/../Podfile.lock\" \"${PODS_ROOT}/Manifest.lock\" > /dev/null\nif [[ $? != 0 ]] ; then\n    cat << EOM\nerror: The sandbox is not in sync with the Podfile.lock. Run 'pod install' or update your CocoaPods installation.\nEOM\n    exit 1\nfi\n";
			showEnvVarsInLog = 0;
		};
		7ED58E8739CC9B23518B1351 /* [CP] Embed Pods Frameworks */ = {
			isa = PBXShellScriptBuildPhase;
			buildActionMask = 2147483647;
			files = (
			);
			inputPaths = (
			);
			name = "[CP] Embed Pods Frameworks";
			outputPaths = (
			);
			runOnlyForDeploymentPostprocessing = 0;
			shellPath = /bin/sh;
			shellScript = "\"${SRCROOT}/Pods/Target Support Files/Pods-Photo2Contacts/Pods-Photo2Contacts-frameworks.sh\"\n";
			showEnvVarsInLog = 0;
		};
/* End PBXShellScriptBuildPhase section */

/* Begin PBXSourcesBuildPhase section */
		287B135A1D65A4D100414270 /* Sources */ = {
			isa = PBXSourcesBuildPhase;
			buildActionMask = 2147483647;
			files = (
				287B136A1D65A4D100414270 /* Photo2Contacts.xcdatamodeld in Sources */,
				287B13641D65A4D100414270 /* ViewController.swift in Sources */,
				287B13621D65A4D100414270 /* AppDelegate.swift in Sources */,
			);
			runOnlyForDeploymentPostprocessing = 0;
		};
/* End PBXSourcesBuildPhase section */

/* Begin PBXVariantGroup section */
		287B13651D65A4D100414270 /* Main.storyboard */ = {
			isa = PBXVariantGroup;
			children = (
				287B13661D65A4D100414270 /* Base */,
			);
			name = Main.storyboard;
			sourceTree = "<group>";
		};
		287B136D1D65A4D100414270 /* LaunchScreen.storyboard */ = {
			isa = PBXVariantGroup;
			children = (
				287B136E1D65A4D100414270 /* Base */,
			);
			name = LaunchScreen.storyboard;
			sourceTree = "<group>";
		};
/* End PBXVariantGroup section */

/* Begin XCBuildConfiguration section */
		287B13711D65A4D100414270 /* Debug */ = {
			isa = XCBuildConfiguration;
			buildSettings = {
				ALWAYS_SEARCH_USER_PATHS = NO;
				CLANG_ANALYZER_NONNULL = YES;
				CLANG_CXX_LANGUAGE_STANDARD = "gnu++0x";
				CLANG_CXX_LIBRARY = "libc++";
				CLANG_ENABLE_MODULES = YES;
				CLANG_ENABLE_OBJC_ARC = YES;
				CLANG_WARN_BOOL_CONVERSION = YES;
				CLANG_WARN_CONSTANT_CONVERSION = YES;
				CLANG_WARN_DIRECT_OBJC_ISA_USAGE = YES_ERROR;
				CLANG_WARN_EMPTY_BODY = YES;
				CLANG_WARN_ENUM_CONVERSION = YES;
				CLANG_WARN_INT_CONVERSION = YES;
				CLANG_WARN_OBJC_ROOT_CLASS = YES_ERROR;
				CLANG_WARN_UNREACHABLE_CODE = YES;
				CLANG_WARN__DUPLICATE_METHOD_MATCH = YES;
				"CODE_SIGN_IDENTITY[sdk=iphoneos*]" = "iPhone Developer";
				COPY_PHASE_STRIP = NO;
				DEBUG_INFORMATION_FORMAT = dwarf;
				ENABLE_STRICT_OBJC_MSGSEND = YES;
				ENABLE_TESTABILITY = YES;
				GCC_C_LANGUAGE_STANDARD = gnu99;
				GCC_DYNAMIC_NO_PIC = NO;
				GCC_NO_COMMON_BLOCKS = YES;
				GCC_OPTIMIZATION_LEVEL = 0;
				GCC_PREPROCESSOR_DEFINITIONS = (
					"DEBUG=1",
					"$(inherited)",
				);
				GCC_WARN_64_TO_32_BIT_CONVERSION = YES;
				GCC_WARN_ABOUT_RETURN_TYPE = YES_ERROR;
				GCC_WARN_UNDECLARED_SELECTOR = YES;
				GCC_WARN_UNINITIALIZED_AUTOS = YES_AGGRESSIVE;
				GCC_WARN_UNUSED_FUNCTION = YES;
				GCC_WARN_UNUSED_VARIABLE = YES;
				IPHONEOS_DEPLOYMENT_TARGET = 9.3;
				MTL_ENABLE_DEBUG_INFO = YES;
				ONLY_ACTIVE_ARCH = YES;
				SDKROOT = iphoneos;
				SWIFT_OPTIMIZATION_LEVEL = "-Onone";
				TARGETED_DEVICE_FAMILY = "1,2";
			};
			name = Debug;
		};
		287B13721D65A4D100414270 /* Release */ = {
			isa = XCBuildConfiguration;
			buildSettings = {
				ALWAYS_SEARCH_USER_PATHS = NO;
				CLANG_ANALYZER_NONNULL = YES;
				CLANG_CXX_LANGUAGE_STANDARD = "gnu++0x";
				CLANG_CXX_LIBRARY = "libc++";
				CLANG_ENABLE_MODULES = YES;
				CLANG_ENABLE_OBJC_ARC = YES;
				CLANG_WARN_BOOL_CONVERSION = YES;
				CLANG_WARN_CONSTANT_CONVERSION = YES;
				CLANG_WARN_DIRECT_OBJC_ISA_USAGE = YES_ERROR;
				CLANG_WARN_EMPTY_BODY = YES;
				CLANG_WARN_ENUM_CONVERSION = YES;
				CLANG_WARN_INT_CONVERSION = YES;
				CLANG_WARN_OBJC_ROOT_CLASS = YES_ERROR;
				CLANG_WARN_UNREACHABLE_CODE = YES;
				CLANG_WARN__DUPLICATE_METHOD_MATCH = YES;
				"CODE_SIGN_IDENTITY[sdk=iphoneos*]" = "iPhone Developer";
				COPY_PHASE_STRIP = NO;
				DEBUG_INFORMATION_FORMAT = "dwarf-with-dsym";
				ENABLE_NS_ASSERTIONS = NO;
				ENABLE_STRICT_OBJC_MSGSEND = YES;
				GCC_C_LANGUAGE_STANDARD = gnu99;
				GCC_NO_COMMON_BLOCKS = YES;
				GCC_WARN_64_TO_32_BIT_CONVERSION = YES;
				GCC_WARN_ABOUT_RETURN_TYPE = YES_ERROR;
				GCC_WARN_UNDECLARED_SELECTOR = YES;
				GCC_WARN_UNINITIALIZED_AUTOS = YES_AGGRESSIVE;
				GCC_WARN_UNUSED_FUNCTION = YES;
				GCC_WARN_UNUSED_VARIABLE = YES;
				IPHONEOS_DEPLOYMENT_TARGET = 9.3;
				MTL_ENABLE_DEBUG_INFO = NO;
				SDKROOT = iphoneos;
				TARGETED_DEVICE_FAMILY = "1,2";
				VALIDATE_PRODUCT = YES;
			};
			name = Release;
		};
		287B13741D65A4D100414270 /* Debug */ = {
			isa = XCBuildConfiguration;
			baseConfigurationReference = 956B956C8290680C58A1413A /* Pods-Photo2Contacts.debug.xcconfig */;
			buildSettings = {
				ASSETCATALOG_COMPILER_APPICON_NAME = AppIcon;
				INFOPLIST_FILE = Photo2Contacts/Info.plist;
				LD_RUNPATH_SEARCH_PATHS = "$(inherited) @executable_path/Frameworks";
				PRODUCT_BUNDLE_IDENTIFIER = com.sarthakkhillon.Photo2Contacts;
				PRODUCT_NAME = "$(TARGET_NAME)";
			};
			name = Debug;
		};
		287B13751D65A4D100414270 /* Release */ = {
			isa = XCBuildConfiguration;
			baseConfigurationReference = 20923E05250B8683B0EA13C6 /* Pods-Photo2Contacts.release.xcconfig */;
			buildSettings = {
				ASSETCATALOG_COMPILER_APPICON_NAME = AppIcon;
				INFOPLIST_FILE = Photo2Contacts/Info.plist;
				LD_RUNPATH_SEARCH_PATHS = "$(inherited) @executable_path/Frameworks";
				PRODUCT_BUNDLE_IDENTIFIER = com.sarthakkhillon.Photo2Contacts;
				PRODUCT_NAME = "$(TARGET_NAME)";
			};
			name = Release;
		};
/* End XCBuildConfiguration section */

/* Begin XCConfigurationList section */
		287B13591D65A4D100414270 /* Build configuration list for PBXProject "Photo2Contacts" */ = {
			isa = XCConfigurationList;
			buildConfigurations = (
				287B13711D65A4D100414270 /* Debug */,
				287B13721D65A4D100414270 /* Release */,
			);
			defaultConfigurationIsVisible = 0;
			defaultConfigurationName = Release;
		};
		287B13731D65A4D100414270 /* Build configuration list for PBXNativeTarget "Photo2Contacts" */ = {
			isa = XCConfigurationList;
			buildConfigurations = (
				287B13741D65A4D100414270 /* Debug */,
				287B13751D65A4D100414270 /* Release */,
			);
			defaultConfigurationIsVisible = 0;
			defaultConfigurationName = Release;
		};
/* End XCConfigurationList section */

/* Begin XCVersionGroup section */
		287B13681D65A4D100414270 /* Photo2Contacts.xcdatamodeld */ = {
			isa = XCVersionGroup;
			children = (
				287B13691D65A4D100414270 /* Photo2Contacts.xcdatamodel */,
			);
			currentVersion = 287B13691D65A4D100414270 /* Photo2Contacts.xcdatamodel */;
			path = Photo2Contacts.xcdatamodeld;
			sourceTree = "<group>";
			versionGroupType = wrapper.xcdatamodel;
		};
/* End XCVersionGroup section */
	};
	rootObject = 287B13561D65A4D100414270 /* Project object */;
}
